
Microsoft Visual Studio Solution File, Format Version 12.00
# Visual Studio Version 17
VisualStudioVersion = 17.2.32616.157
MinimumVisualStudioVersion = 10.0.40219.1
Project("{8BC9CEB8-8B4A-11D0-8D11-00A0C91BC942}") = "Trade", "Trade\Trade.vcxproj", "{E88901F1-7628-46A7-A8D2-DAA2B5AAA9D5}"
EndProject
Global
	GlobalSection(SolutionConfigurationPlatforms) = preSolution
		Debug|x64 = Debug|x64
		Debug|x86 = Debug|x86
		Release|x64 = Release|x64
		Release|x86 = Release|x86
	EndGlobalSection
	GlobalSection(ProjectConfigurationPlatforms) = postSolution
		{E88901F1-7628-46A7-A8D2-DAA2B5AAA9D5}.Debug|x64.ActiveCfg = Debug|x64
		{E88901F1-7628-46A7-A8D2-DAA2B5AAA9D5}.Debug|x64.Build.0 = Debug|x64
		{E88901F1-7628-46A7-A8D2-DAA2B5AAA9D5}.Debug|x86.ActiveCfg = Debug|Win32
		{E88901F1-7628-46A7-A8D2-DAA2B5AAA9D5}.Debug|x86.Build.0 = Debug|Win32
		{E88901F1-7628-46A7-A8D2-DAA2B5AAA9D5}.Release|x64.ActiveCfg = Release|x64
		{E88901F1-7628-46A7-A8D2-DAA2B5AAA9D5}.Release|x64.Build.0 = Release|x64
		{E88901F1-7628-46A7-A8D2-DAA2B5AAA9D5}.Release|x86.ActiveCfg = Release|Win32
		{E88901F1-7628-46A7-A8D2-DAA2B5AAA9D5}.Release|x86.Build.0 = Release|Win32
	EndGlobalSection
	GlobalSection(SolutionProperties) = preSolution
		HideSolutionNode = FALSE
	EndGlobalSection
	GlobalSection(ExtensibilityGlobals) = postSolution
		SolutionGuid = {593BA219-AD20-4349-891E-34AD7C86AA9B}
	EndGlobalSection
EndGlobal
